# THIS IS AN AUTOGENERATED FILE. DO NOT EDIT THIS FILE DIRECTLY.
# yarn lockfile v1



react-infinite-scroll-component@^4.3.0:
  version "4.3.0"
  resolved "https://registry.yarnpkg.com/react-infinite-scroll-component/-/react-infinite-scroll-component-4.3.0.tgz#e425b252d96f8dd4fe5e69e5782b632dbd37b5ad"
  integrity sha512-ccrhr3Fg969fuMNDxkRYjopNPRdpnfhPeKXpjQX+Ii6KumC9O1cB6yt2fUJaDyiMF/Jnrf4Kkjg3HGh5Y0jV8Q==

